{
  "requires": true,
  "lockfileVersion": 1,
  "dependencies": {
    "clone": {
      "version": "0.1.19",
      "resolved": "https://registry.npmjs.org/clone/-/clone-0.1.19.tgz",
      "integrity": "sha1-YT+2hjmyaklKxTJT4Vsaa9iK2oU="
    },
    "debug": {
      "version": "0.7.4",
      "resolved": "https://registry.npmjs.org/debug/-/debug-0.7.4.tgz",
      "integrity": "sha1-BuHqgILCyxTjmAbiLi9vdX+Srzk="
    },
    "etc": {
      "version": "1.1.0",
      "resolved": "https://registry.npmjs.org/etc/-/etc-1.1.0.tgz",
      "integrity": "sha1-QXzN45f9ln3SLPxxIj22xG499eg=",
      "requires": {
        "clone": "~0.1.6",
        "glob": "~3.1.12",
        "optimist": "~0.3.4",
        "stact-hooks": "~0.0.1",
        "tea-merge": "~0.1.0",
        "witwip": "~0.0.2"
      }
    },
    "glob": {
      "version": "3.1.21",
      "resolved": "https://registry.npmjs.org/glob/-/glob-3.1.21.tgz",
      "integrity": "sha1-0p4KBV3qUTj00H7UDomC6DwgZs0=",
      "requires": {
        "graceful-fs": "~1.2.0",
        "inherits": "1",
        "minimatch": "~0.2.11"
      }
    },
    "graceful-fs": {
      "version": "1.2.3",
      "resolved": "https://registry.npmjs.org/graceful-fs/-/graceful-fs-1.2.3.tgz",
      "integrity": "sha1-FaSAaldUfLLS2/J/QuiajDRRs2Q="
    },
    "inherits": {
      "version": "1.0.2",
      "resolved": "https://registry.npmjs.org/inherits/-/inherits-1.0.2.tgz",
      "integrity": "sha1-ykMJ2t7mtUzAuNJH6NfHoJdb3Js="
    },
    "lru-cache": {
      "version": "2.7.3",
      "resolved": "https://registry.npmjs.org/lru-cache/-/lru-cache-2.7.3.tgz",
      "integrity": "sha1-bUUk6LlV+V1PW1iFHOId1y+06VI="
    },
    "minimatch": {
      "version": "0.2.14",
      "resolved": "https://registry.npmjs.org/minimatch/-/minimatch-0.2.14.tgz",
      "integrity": "sha1-x054BXT2PG+aCQ6Q775u9TpqdWo=",
      "requires": {
        "lru-cache": "2",
        "sigmund": "~1.0.0"
      }
    },
    "optimist": {
      "version": "0.3.7",
      "resolved": "https://registry.npmjs.org/optimist/-/optimist-0.3.7.tgz",
      "integrity": "sha1-yQlBrVnkJzMokjB00s8ufLxuwNk=",
      "requires": {
        "wordwrap": "~0.0.2"
      }
    },
    "package1": {
      "version": "0.0.0",
      "resolved": "https://registry.npmjs.org/package1/-/package1-0.0.0.tgz",
      "integrity": "sha1-LB5z+8c1ETGy9ldBflDC8TMEUKg="
    },
    "package2": {
      "version": "1.0.0",
      "resolved": "https://registry.npmjs.org/package2/-/package2-1.0.0.tgz",
      "integrity": "sha1-DzCTyo0u38M5JIFkTdAl17es5Iw="
    },
    "sigmund": {
      "version": "1.0.1",
      "resolved": "https://registry.npmjs.org/sigmund/-/sigmund-1.0.1.tgz",
      "integrity": "sha1-P/IfGYytIXX587eBhT/ZTQ0ZtZA="
    },
    "stac": {
      "version": "0.0.12",
      "resolved": "https://registry.npmjs.org/stac/-/stac-0.0.12.tgz",
      "integrity": "sha1-Yv/ZNYbt/9en9iTgOMLwyo0bpWw="
    },
    "stact": {
      "version": "0.0.12",
      "resolved": "https://registry.npmjs.org/stact/-/stact-0.0.12.tgz",
      "integrity": "sha1-QGpI6a21/3WA2WzFNQ+3X/0dgfs=",
      "requires": {
        "stac": "~0.0.12"
      }
    },
    "stact-hooks": {
      "version": "0.0.3",
      "resolved": "https://registry.npmjs.org/stact-hooks/-/stact-hooks-0.0.3.tgz",
      "integrity": "sha1-7zZwcxn9nUTKF/b8/F1B6XM1jHs=",
      "requires": {
        "stact": "~0.0.1"
      }
    },
    "tea-merge": {
      "version": "0.1.0",
      "resolved": "https://registry.npmjs.org/tea-merge/-/tea-merge-0.1.0.tgz",
      "integrity": "sha1-PdLfjjkJo0Gbt1F6O+l9ngFzDcQ=",
      "requires": {
        "tea-type": "0.1.0"
      }
    },
    "tea-type": {
      "version": "0.1.0",
      "resolved": "https://registry.npmjs.org/tea-type/-/tea-type-0.1.0.tgz",
      "integrity": "sha1-oTimvrAP9JhIdKT3XzWJ7xghr4I="
    },
    "witwip": {
      "version": "0.0.6",
      "resolved": "https://registry.npmjs.org/witwip/-/witwip-0.0.6.tgz",
      "integrity": "sha1-3EZ4SmQc0qhCfxgNU03awhis0qs=",
      "requires": {
        "debug": "~0.7.0"
      }
    },
    "wordwrap": {
      "version": "0.0.3",
      "resolved": "https://registry.npmjs.org/wordwrap/-/wordwrap-0.0.3.tgz",
      "integrity": "sha1-o9XabNXAvAAI03I0u68b7WMFkQc="
    }, 
    "webpack": "webpack --mode=development --watch" 
  }
}
